// !$*UTF8*$!
{
	archiveVersion = 1;
	classes = {
	};
	objectVersion = 50;
	objects = {

/* Begin PBXBuildFile section */
		51C05BC27432996B10873874 /* Pods_Test_CocoaPods.framework in Frameworks */ = {isa = PBXBuildFile; fileRef = 19177AC4B5FCCA6E72E2F6F1 /* Pods_Test_CocoaPods.framework */; };
		988E6E6220C04EE200D58215 /* AppDelegate.swift in Sources */ = {isa = PBXBuildFile; fileRef = 988E6E6120C04EE200D58215 /* AppDelegate.swift */; };
		988E6E6420C04EE200D58215 /* ViewController.swift in Sources */ = {isa = PBXBuildFile; fileRef = 988E6E6320C04EE200D58215 /* ViewController.swift */; };
		988E6E6720C04EE200D58215 /* Main.storyboard in Resources */ = {isa = PBXBuildFile; fileRef = 988E6E6520C04EE200D58215 /* Main.storyboard */; };
		988E6E6920C04EE400D58215 /* Assets.xcassets in Resources */ = {isa = PBXBuildFile; fileRef = 988E6E6820C04EE400D58215 /* Assets.xcassets */; };
		988E6E6C20C04EE400D58215 /* LaunchScreen.storyboard in Resources */ = {isa = PBXBuildFile; fileRef = 988E6E6A20C04EE400D58215 /* LaunchScreen.storyboard */; };
		988E6E7720C04EE400D58215 /* Test_CocoaPodsTests.swift in Sources */ = {isa = PBXBuildFile; fileRef = 988E6E7620C04EE400D58215 /* Test_CocoaPodsTests.swift */; };
		988E6E8220C04EE400D58215 /* Test_CocoaPodsUITests.swift in Sources */ = {isa = PBXBuildFile; fileRef = 988E6E8120C04EE400D58215 /* Test_CocoaPodsUITests.swift */; };
		A1279E69FD911CE6E7FB3EF8 /* Pods_Test_CocoaPodsTests.framework in Frameworks */ = {isa = PBXBuildFile; fileRef = 2D6E4CCB93A4E7B796745A69 /* Pods_Test_CocoaPodsTests.framework */; };
		E2A886D2DA31F0A29B0202C0 /* Pods_Test_CocoaPodsUITests.framework in Frameworks */ = {isa = PBXBuildFile; fileRef = 78D9EFBB2D8EAE30A53E613C /* Pods_Test_CocoaPodsUITests.framework */; };
/* End PBXBuildFile section */

/* Begin PBXContainerItemProxy section */
		988E6E7320C04EE400D58215 /* PBXContainerItemProxy */ = {
			isa = PBXContainerItemProxy;
			containerPortal = 988E6E5620C04EE200D58215 /* Project object */;
			proxyType = 1;
			remoteGlobalIDString = 988E6E5D20C04EE200D58215;
			remoteInfo = "Test CocoaPods";
		};
		988E6E7E20C04EE400D58215 /* PBXContainerItemProxy */ = {
			isa = PBXContainerItemProxy;
			containerPortal = 988E6E5620C04EE200D58215 /* Project object */;
			proxyType = 1;
			remoteGlobalIDString = 988E6E5D20C04EE200D58215;
			remoteInfo = "Test CocoaPods";
		};
/* End PBXContainerItemProxy section */

/* Begin PBXFileReference section */
		19177AC4B5FCCA6E72E2F6F1 /* Pods_Test_CocoaPods.framework */ = {isa = PBXFileReference; explicitFileType = wrapper.framework; includeInIndex = 0; path = Pods_Test_CocoaPods.framework; sourceTree = BUILT_PRODUCTS_DIR; };
		2D6E4CCB93A4E7B796745A69 /* Pods_Test_CocoaPodsTests.framework */ = {isa = PBXFileReference; explicitFileType = wrapper.framework; includeInIndex = 0; path = Pods_Test_CocoaPodsTests.framework; sourceTree = BUILT_PRODUCTS_DIR; };
		5A230FCFBDAB6B87C67C5CDB /* Pods-Test CocoaPodsUITests.release.xcconfig */ = {isa = PBXFileReference; includeInIndex = 1; lastKnownFileType = text.xcconfig; name = "Pods-Test CocoaPodsUITests.release.xcconfig"; path = "Pods/Target Support Files/Pods-Test CocoaPodsUITests/Pods-Test CocoaPodsUITests.release.xcconfig"; sourceTree = "<group>"; };
		5C7D45A1323ED64286445AFD /* Pods-Test CocoaPodsTests.debug.xcconfig */ = {isa = PBXFileReference; includeInIndex = 1; lastKnownFileType = text.xcconfig; name = "Pods-Test CocoaPodsTests.debug.xcconfig"; path = "Pods/Target Support Files/Pods-Test CocoaPodsTests/Pods-Test CocoaPodsTests.debug.xcconfig"; sourceTree = "<group>"; };
		653F63700DC28D3DEC1D3DFD /* Pods-Test CocoaPods.release.xcconfig */ = {isa = PBXFileReference; includeInIndex = 1; lastKnownFileType = text.xcconfig; name = "Pods-Test CocoaPods.release.xcconfig"; path = "Pods/Target Support Files/Pods-Test CocoaPods/Pods-Test CocoaPods.release.xcconfig"; sourceTree = "<group>"; };
		6D0D2D332F5A837E2E73F7DE /* Pods-Test CocoaPods.debug.xcconfig */ = {isa = PBXFileReference; includeInIndex = 1; lastKnownFileType = text.xcconfig; name = "Pods-Test CocoaPods.debug.xcconfig"; path = "Pods/Target Support Files/Pods-Test CocoaPods/Pods-Test CocoaPods.debug.xcconfig"; sourceTree = "<group>"; };
		78D9EFBB2D8EAE30A53E613C /* Pods_Test_CocoaPodsUITests.framework */ = {isa = PBXFileReference; explicitFileType = wrapper.framework; includeInIndex = 0; path = Pods_Test_CocoaPodsUITests.framework; sourceTree = BUILT_PRODUCTS_DIR; };
		988E6E5E20C04EE200D58215 /* Test CocoaPods.app */ = {isa = PBXFileReference; explicitFileType = wrapper.application; includeInIndex = 0; path = "Test CocoaPods.app"; sourceTree = BUILT_PRODUCTS_DIR; };
		988E6E6120C04EE200D58215 /* AppDelegate.swift */ = {isa = PBXFileReference; lastKnownFileType = sourcecode.swift; path = AppDelegate.swift; sourceTree = "<group>"; };
		988E6E6320C04EE200D58215 /* ViewController.swift */ = {isa = PBXFileReference; lastKnownFileType = sourcecode.swift; path = ViewController.swift; sourceTree = "<group>"; };
		988E6E6620C04EE200D58215 /* Base */ = {isa = PBXFileReference; lastKnownFileType = file.storyboard; name = Base; path = Base.lproj/Main.storyboard; sourceTree = "<group>"; };
		988E6E6820C04EE400D58215 /* Assets.xcassets */ = {isa = PBXFileReference; lastKnownFileType = folder.assetcatalog; path = Assets.xcassets; sourceTree = "<group>"; };
		988E6E6B20C04EE400D58215 /* Base */ = {isa = PBXFileReference; lastKnownFileType = file.storyboard; name = Base; path = Base.lproj/LaunchScreen.storyboard; sourceTree = "<group>"; };
		988E6E6D20C04EE400D58215 /* Info.plist */ = {isa = PBXFileReference; lastKnownFileType = text.plist.xml; path = Info.plist; sourceTree = "<group>"; };
		988E6E7220C04EE400D58215 /* Test CocoaPodsTests.xctest */ = {isa = PBXFileReference; explicitFileType = wrapper.cfbundle; includeInIndex = 0; path = "Test CocoaPodsTests.xctest"; sourceTree = BUILT_PRODUCTS_DIR; };
		988E6E7620C04EE400D58215 /* Test_CocoaPodsTests.swift */ = {isa = PBXFileReference; lastKnownFileType = sourcecode.swift; path = Test_CocoaPodsTests.swift; sourceTree = "<group>"; };
		988E6E7820C04EE400D58215 /* Info.plist */ = {isa = PBXFileReference; lastKnownFileType = text.plist.xml; path = Info.plist; sourceTree = "<group>"; };
		988E6E7D20C04EE400D58215 /* Test CocoaPodsUITests.xctest */ = {isa = PBXFileReference; explicitFileType = wrapper.cfbundle; includeInIndex = 0; path = "Test CocoaPodsUITests.xctest"; sourceTree = BUILT_PRODUCTS_DIR; };
		988E6E8120C04EE400D58215 /* Test_CocoaPodsUITests.swift */ = {isa = PBXFileReference; lastKnownFileType = sourcecode.swift; path = Test_CocoaPodsUITests.swift; sourceTree = "<group>"; };
		988E6E8320C04EE400D58215 /* Info.plist */ = {isa = PBXFileReference; lastKnownFileType = text.plist.xml; path = Info.plist; sourceTree = "<group>"; };
		C71253D694005CA6D609AF68 /* Pods-Test CocoaPodsUITests.debug.xcconfig */ = {isa = PBXFileReference; includeInIndex = 1; lastKnownFileType = text.xcconfig; name = "Pods-Test CocoaPodsUITests.debug.xcconfig"; path = "Pods/Target Support Files/Pods-Test CocoaPodsUITests/Pods-Test CocoaPodsUITests.debug.xcconfig"; sourceTree = "<group>"; };
		D2EA0A3E09B5D73CF352FE7A /* Pods-Test CocoaPodsTests.release.xcconfig */ = {isa = PBXFileReference; includeInIndex = 1; lastKnownFileType = text.xcconfig; name = "Pods-Test CocoaPodsTests.release.xcconfig"; path = "Pods/Target Support Files/Pods-Test CocoaPodsTests/Pods-Test CocoaPodsTests.release.xcconfig"; sourceTree = "<group>"; };
/* End PBXFileReference section */

/* Begin PBXFrameworksBuildPhase section */
		988E6E5B20C04EE200D58215 /* Frameworks */ = {
			isa = PBXFrameworksBuildPhase;
			buildActionMask = 2147483647;
			files = (
				51C05BC27432996B10873874 /* Pods_Test_CocoaPods.framework in Frameworks */,
			);
			runOnlyForDeploymentPostprocessing = 0;
		};
		988E6E6F20C04EE400D58215 /* Frameworks */ = {
			isa = PBXFrameworksBuildPhase;
			buildActionMask = 2147483647;
			files = (
				A1279E69FD911CE6E7FB3EF8 /* Pods_Test_CocoaPodsTests.framework in Frameworks */,
			);
			runOnlyForDeploymentPostprocessing = 0;
		};
		988E6E7A20C04EE400D58215 /* Frameworks */ = {
			isa = PBXFrameworksBuildPhase;
			buildActionMask = 2147483647;
			files = (
				E2A886D2DA31F0A29B0202C0 /* Pods_Test_CocoaPodsUITests.framework in Frameworks */,
			);
			runOnlyForDeploymentPostprocessing = 0;
		};
/* End PBXFrameworksBuildPhase section */

/* Begin PBXGroup section */
		54485D5545A5BBAABE590424 /* Pods */ = {
			isa = PBXGroup;
			children = (
				6D0D2D332F5A837E2E73F7DE /* Pods-Test CocoaPods.debug.xcconfig */,
				653F63700DC28D3DEC1D3DFD /* Pods-Test CocoaPods.release.xcconfig */,
				5C7D45A1323ED64286445AFD /* Pods-Test CocoaPodsTests.debug.xcconfig */,
				D2EA0A3E09B5D73CF352FE7A /* Pods-Test CocoaPodsTests.release.xcconfig */,
				C71253D694005CA6D609AF68 /* Pods-Test CocoaPodsUITests.debug.xcconfig */,
				5A230FCFBDAB6B87C67C5CDB /* Pods-Test CocoaPodsUITests.release.xcconfig */,
			);
			name = Pods;
			sourceTree = "<group>";
		};
		9358B017DB1AFFEAC1F3EF9F /* Frameworks */ = {
			isa = PBXGroup;
			children = (
				19177AC4B5FCCA6E72E2F6F1 /* Pods_Test_CocoaPods.framework */,
				2D6E4CCB93A4E7B796745A69 /* Pods_Test_CocoaPodsTests.framework */,
				78D9EFBB2D8EAE30A53E613C /* Pods_Test_CocoaPodsUITests.framework */,
			);
			name = Frameworks;
			sourceTree = "<group>";
		};
		988E6E5520C04EE200D58215 = {
			isa = PBXGroup;
			children = (
				988E6E6020C04EE200D58215 /* Test CocoaPods */,
				988E6E7520C04EE400D58215 /* Test CocoaPodsTests */,
				988E6E8020C04EE400D58215 /* Test CocoaPodsUITests */,
				988E6E5F20C04EE200D58215 /* Products */,
				54485D5545A5BBAABE590424 /* Pods */,
				9358B017DB1AFFEAC1F3EF9F /* Frameworks */,
			);
			sourceTree = "<group>";
		};
		988E6E5F20C04EE200D58215 /* Products */ = {
			isa = PBXGroup;
			children = (
				988E6E5E20C04EE200D58215 /* Test CocoaPods.app */,
				988E6E7220C04EE400D58215 /* Test CocoaPodsTests.xctest */,
				988E6E7D20C04EE400D58215 /* Test CocoaPodsUITests.xctest */,
			);
			name = Products;
			sourceTree = "<group>";
		};
		988E6E6020C04EE200D58215 /* Test CocoaPods */ = {
			isa = PBXGroup;
			children = (
				988E6E6120C04EE200D58215 /* AppDelegate.swift */,
				988E6E6320C04EE200D58215 /* ViewController.swift */,
				988E6E6520C04EE200D58215 /* Main.storyboard */,
				988E6E6820C04EE400D58215 /* Assets.xcassets */,
				988E6E6A20C04EE400D58215 /* LaunchScreen.storyboard */,
				988E6E6D20C04EE400D58215 /* Info.plist */,
			);
			path = "Test CocoaPods";
			sourceTree = "<group>";
		};
		988E6E7520C04EE400D58215 /* Test CocoaPodsTests */ = {
			isa = PBXGroup;
			children = (
				988E6E7620C04EE400D58215 /* Test_CocoaPodsTests.swift */,
				988E6E7820C04EE400D58215 /* Info.plist */,
			);
			path = "Test CocoaPodsTests";
			sourceTree = "<group>";
		};
		988E6E8020C04EE400D58215 /* Test CocoaPodsUITests */ = {
			isa = PBXGroup;
			children = (
				988E6E8120C04EE400D58215 /* Test_CocoaPodsUITests.swift */,
				988E6E8320C04EE400D58215 /* Info.plist */,
			);
			path = "Test CocoaPodsUITests";
			sourceTree = "<group>";
		};
/* End PBXGroup section */

/* Begin PBXNativeTarget section */
		988E6E5D20C04EE200D58215 /* Test CocoaPods */ = {
			isa = PBXNativeTarget;
			buildConfigurationList = 988E6E8620C04EE400D58215 /* Build configuration list for PBXNativeTarget "Test CocoaPods" */;
			buildPhases = (
				5544965D6ED252285E4C4654 /* [CP] Check Pods Manifest.lock */,
				988E6E5A20C04EE200D58215 /* Sources */,
				988E6E5B20C04EE200D58215 /* Frameworks */,
				988E6E5C20C04EE200D58215 /* Resources */,
				BFC6864DCDD44CA38078500E /* [CP] Embed Pods Frameworks */,
			);
			buildRules = (
			);
			dependencies = (
			);
			name = "Test CocoaPods";
			productName = "Test CocoaPods";
			productReference = 988E6E5E20C04EE200D58215 /* Test CocoaPods.app */;
			productType = "com.apple.product-type.application";
		};
		988E6E7120C04EE400D58215 /* Test CocoaPodsTests */ = {
			isa = PBXNativeTarget;
			buildConfigurationList = 988E6E8920C04EE400D58215 /* Build configuration list for PBXNativeTarget "Test CocoaPodsTests" */;
			buildPhases = (
				44C3F2C239C4CB9937006E1C /* [CP] Check Pods Manifest.lock */,
				988E6E6E20C04EE400D58215 /* Sources */,
				988E6E6F20C04EE400D58215 /* Frameworks */,
				988E6E7020C04EE400D58215 /* Resources */,
			);
			buildRules = (
			);
			dependencies = (
				988E6E7420C04EE400D58215 /* PBXTargetDependency */,
			);
			name = "Test CocoaPodsTests";
			productName = "Test CocoaPodsTests";
			productReference = 988E6E7220C04EE400D58215 /* Test CocoaPodsTests.xctest */;
			productType = "com.apple.product-type.bundle.unit-test";
		};
		988E6E7C20C04EE400D58215 /* Test CocoaPodsUITests */ = {
			isa = PBXNativeTarget;
			buildConfigurationList = 988E6E8C20C04EE400D58215 /* Build configuration list for PBXNativeTarget "Test CocoaPodsUITests" */;
			buildPhases = (
				6EB7626593CEC1295AD93EC4 /* [CP] Check Pods Manifest.lock */,
				988E6E7920C04EE400D58215 /* Sources */,
				988E6E7A20C04EE400D58215 /* Frameworks */,
				988E6E7B20C04EE400D58215 /* Resources */,
			);
			buildRules = (
			);
			dependencies = (
				988E6E7F20C04EE400D58215 /* PBXTargetDependency */,
			);
			name = "Test CocoaPodsUITests";
			productName = "Test CocoaPodsUITests";
			productReference = 988E6E7D20C04EE400D58215 /* Test CocoaPodsUITests.xctest */;
			productType = "com.apple.product-type.bundle.ui-testing";
		};
/* End PBXNativeTarget section */

/* Begin PBXProject section */
		988E6E5620C04EE200D58215 /* Project object */ = {
			isa = PBXProject;
			attributes = {
				LastSwiftUpdateCheck = 0940;
				LastUpgradeCheck = 0940;
				ORGANIZATIONNAME = Brooks;
				TargetAttributes = {
					988E6E5D20C04EE200D58215 = {
						CreatedOnToolsVersion = 9.4;
					};
					988E6E7120C04EE400D58215 = {
						CreatedOnToolsVersion = 9.4;
						TestTargetID = 988E6E5D20C04EE200D58215;
					};
					988E6E7C20C04EE400D58215 = {
						CreatedOnToolsVersion = 9.4;
						TestTargetID = 988E6E5D20C04EE200D58215;
					};
				};
			};
			buildConfigurationList = 988E6E5920C04EE200D58215 /* Build configuration list for PBXProject "Test CocoaPods" */;
			compatibilityVersion = "Xcode 9.3";
			developmentRegion = en;
			hasScannedForEncodings = 0;
			knownRegions = (
				en,
				Base,
			);
			mainGroup = 988E6E5520C04EE200D58215;
			productRefGroup = 988E6E5F20C04EE200D58215 /* Products */;
			projectDirPath = "";
			projectRoot = "";
			targets = (
				988E6E5D20C04EE200D58215 /* Test CocoaPods */,
				988E6E7120C04EE400D58215 /* Test CocoaPodsTests */,
				988E6E7C20C04EE400D58215 /* Test CocoaPodsUITests */,
			);
		};
/* End PBXProject section */

/* Begin PBXResourcesBuildPhase section */
		988E6E5C20C04EE200D58215 /* Resources */ = {
			isa = PBXResourcesBuildPhase;
			buildActionMask = 2147483647;
			files = (
				988E6E6C20C04EE400D58215 /* LaunchScreen.storyboard in Resources */,
				988E6E6920C04EE400D58215 /* Assets.xcassets in Resources */,
				988E6E6720C04EE200D58215 /* Main.storyboard in Resources */,
			);
			runOnlyForDeploymentPostprocessing = 0;
		};
		988E6E7020C04EE400D58215 /* Resources */ = {
			isa = PBXResourcesBuildPhase;
			buildActionMask = 2147483647;
			files = (
			);
			runOnlyForDeploymentPostprocessing = 0;
		};
		988E6E7B20C04EE400D58215 /* Resources */ = {
			isa = PBXResourcesBuildPhase;
			buildActionMask = 2147483647;
			files = (
			);
			runOnlyForDeploymentPostprocessing = 0;
		};
/* End PBXResourcesBuildPhase section */

/* Begin PBXShellScriptBuildPhase section */
		44C3F2C239C4CB9937006E1C /* [CP] Check Pods Manifest.lock */ = {
			isa = PBXShellScriptBuildPhase;
			buildActionMask = 2147483647;
			files = (
			);
			inputPaths = (
				"${PODS_PODFILE_DIR_PATH}/Podfile.lock",
				"${PODS_ROOT}/Manifest.lock",
			);
			name = "[CP] Check Pods Manifest.lock";
			outputPaths = (
				"$(DERIVED_FILE_DIR)/Pods-Test CocoaPodsTests-checkManifestLockResult.txt",
			);
			runOnlyForDeploymentPostprocessing = 0;
			shellPath = /bin/sh;
			shellScript = "diff \"${PODS_PODFILE_DIR_PATH}/Podfile.lock\" \"${PODS_ROOT}/Manifest.lock\" > /dev/null\nif [ $? != 0 ] ; then\n    # print error to STDERR\n    echo \"error: The sandbox is not in sync with the Podfile.lock. Run 'pod install' or update your CocoaPods installation.\" >&2\n    exit 1\nfi\n# This output is used by Xcode 'outputs' to avoid re-running this script phase.\necho \"SUCCESS\" > \"${SCRIPT_OUTPUT_FILE_0}\"\n";
			showEnvVarsInLog = 0;
		};
		5544965D6ED252285E4C4654 /* [CP] Check Pods Manifest.lock */ = {
			isa = PBXShellScriptBuildPhase;
			buildActionMask = 2147483647;
			files = (
			);
			inputPaths = (
				"${PODS_PODFILE_DIR_PATH}/Podfile.lock",
				"${PODS_ROOT}/Manifest.lock",
			);
			name = "[CP] Check Pods Manifest.lock";
			outputPaths = (
				"$(DERIVED_FILE_DIR)/Pods-Test CocoaPods-checkManifestLockResult.txt",
			);
			runOnlyForDeploymentPostprocessing = 0;
			shellPath = /bin/sh;
			shellScript = "diff \"${PODS_PODFILE_DIR_PATH}/Podfile.lock\" \"${PODS_ROOT}/Manifest.lock\" > /dev/null\nif [ $? != 0 ] ; then\n    # print error to STDERR\n    echo \"error: The sandbox is not in sync with the Podfile.lock. Run 'pod install' or update your CocoaPods installation.\" >&2\n    exit 1\nfi\n# This output is used by Xcode 'outputs' to avoid re-running this script phase.\necho \"SUCCESS\" > \"${SCRIPT_OUTPUT_FILE_0}\"\n";
			showEnvVarsInLog = 0;
		};
		6EB7626593CEC1295AD93EC4 /* [CP] Check Pods Manifest.lock */ = {
			isa = PBXShellScriptBuildPhase;
			buildActionMask = 2147483647;
			files = (
			);
			inputPaths = (
				"${PODS_PODFILE_DIR_PATH}/Podfile.lock",
				"${PODS_ROOT}/Manifest.lock",
			);
			name = "[CP] Check Pods Manifest.lock";
			outputPaths = (
				"$(DERIVED_FILE_DIR)/Pods-Test CocoaPodsUITests-checkManifestLockResult.txt",
			);
			runOnlyForDeploymentPostprocessing = 0;
			shellPath = /bin/sh;
			shellScript = "diff \"${PODS_PODFILE_DIR_PATH}/Podfile.lock\" \"${PODS_ROOT}/Manifest.lock\" > /dev/null\nif [ $? != 0 ] ; then\n    # print error to STDERR\n    echo \"error: The sandbox is not in sync with the Podfile.lock. Run 'pod install' or update your CocoaPods installation.\" >&2\n    exit 1\nfi\n# This output is used by Xcode 'outputs' to avoid re-running this script phase.\necho \"SUCCESS\" > \"${SCRIPT_OUTPUT_FILE_0}\"\n";
			showEnvVarsInLog = 0;
		};
		BFC6864DCDD44CA38078500E /* [CP] Embed Pods Frameworks */ = {
			isa = PBXShellScriptBuildPhase;
			buildActionMask = 2147483647;
			files = (
			);
			inputPaths = (
				"${SRCROOT}/Pods/Target Support Files/Pods-Test CocoaPods/Pods-Test CocoaPods-frameworks.sh",
				"${BUILT_PRODUCTS_DIR}/MDFInternationalization/MDFInternationalization.framework",
				"${BUILT_PRODUCTS_DIR}/MDFTextAccessibility/MDFTextAccessibility.framework",
				"${BUILT_PRODUCTS_DIR}/MaterialComponents/MaterialComponents.framework",
				"${BUILT_PRODUCTS_DIR}/MotionAnimator/MotionAnimator.framework",
				"${BUILT_PRODUCTS_DIR}/MotionInterchange/MotionInterchange.framework",
				"${BUILT_PRODUCTS_DIR}/MotionTransitioning/MotionTransitioning.framework",
			);
			name = "[CP] Embed Pods Frameworks";
			outputPaths = (
				"${TARGET_BUILD_DIR}/${FRAMEWORKS_FOLDER_PATH}/MDFInternationalization.framework",
				"${TARGET_BUILD_DIR}/${FRAMEWORKS_FOLDER_PATH}/MDFTextAccessibility.framework",
				"${TARGET_BUILD_DIR}/${FRAMEWORKS_FOLDER_PATH}/MaterialComponents.framework",
				"${TARGET_BUILD_DIR}/${FRAMEWORKS_FOLDER_PATH}/MotionAnimator.framework",
				"${TARGET_BUILD_DIR}/${FRAMEWORKS_FOLDER_PATH}/MotionInterchange.framework",
				"${TARGET_BUILD_DIR}/${FRAMEWORKS_FOLDER_PATH}/MotionTransitioning.framework",
			);
			runOnlyForDeploymentPostprocessing = 0;
			shellPath = /bin/sh;
			shellScript = "\"${SRCROOT}/Pods/Target Support Files/Pods-Test CocoaPods/Pods-Test CocoaPods-frameworks.sh\"\n";
			showEnvVarsInLog = 0;
		};
/* End PBXShellScriptBuildPhase section */

/* Begin PBXSourcesBuildPhase section */
		988E6E5A20C04EE200D58215 /* Sources */ = {
			isa = PBXSourcesBuildPhase;
			buildActionMask = 2147483647;
			files = (
				988E6E6420C04EE200D58215 /* ViewController.swift in Sources */,
				988E6E6220C04EE200D58215 /* AppDelegate.swift in Sources */,
			);
			runOnlyForDeploymentPostprocessing = 0;
		};
		988E6E6E20C04EE400D58215 /* Sources */ = {
			isa = PBXSourcesBuildPhase;
			buildActionMask = 2147483647;
			files = (
				988E6E7720C04EE400D58215 /* Test_CocoaPodsTests.swift in Sources */,
			);
			runOnlyForDeploymentPostprocessing = 0;
		};
		988E6E7920C04EE400D58215 /* Sources */ = {
			isa = PBXSourcesBuildPhase;
			buildActionMask = 2147483647;
			files = (
				988E6E8220C04EE400D58215 /* Test_CocoaPodsUITests.swift in Sources */,
			);
			runOnlyForDeploymentPostprocessing = 0;
		};
/* End PBXSourcesBuildPhase section */

/* Begin PBXTargetDependency section */
		988E6E7420C04EE400D58215 /* PBXTargetDependency */ = {
			isa = PBXTargetDependency;
			target = 988E6E5D20C04EE200D58215 /* Test CocoaPods */;
			targetProxy = 988E6E7320C04EE400D58215 /* PBXContainerItemProxy */;
		};
		988E6E7F20C04EE400D58215 /* PBXTargetDependency */ = {
			isa = PBXTargetDependency;
			target = 988E6E5D20C04EE200D58215 /* Test CocoaPods */;
			targetProxy = 988E6E7E20C04EE400D58215 /* PBXContainerItemProxy */;
		};
/* End PBXTargetDependency section */

/* Begin PBXVariantGroup section */
		988E6E6520C04EE200D58215 /* Main.storyboard */ = {
			isa = PBXVariantGroup;
			children = (
				988E6E6620C04EE200D58215 /* Base */,
			);
			name = Main.storyboard;
			sourceTree = "<group>";
		};
		988E6E6A20C04EE400D58215 /* LaunchScreen.storyboard */ = {
			isa = PBXVariantGroup;
			children = (
				988E6E6B20C04EE400D58215 /* Base */,
			);
			name = LaunchScreen.storyboard;
			sourceTree = "<group>";
		};
/* End PBXVariantGroup section */

/* Begin XCBuildConfiguration section */
		988E6E8420C04EE400D58215 /* Debug */ = {
			isa = XCBuildConfiguration;
			buildSettings = {
				ALWAYS_SEARCH_USER_PATHS = NO;
				CLANG_ANALYZER_NONNULL = YES;
				CLANG_ANALYZER_NUMBER_OBJECT_CONVERSION = YES_AGGRESSIVE;
				CLANG_CXX_LANGUAGE_STANDARD = "gnu++14";
				CLANG_CXX_LIBRARY = "libc++";
				CLANG_ENABLE_MODULES = YES;
				CLANG_ENABLE_OBJC_ARC = YES;
				CLANG_ENABLE_OBJC_WEAK = YES;
				CLANG_WARN_BLOCK_CAPTURE_AUTORELEASING = YES;
				CLANG_WARN_BOOL_CONVERSION = YES;
				CLANG_WARN_COMMA = YES;
				CLANG_WARN_CONSTANT_CONVERSION = YES;
				CLANG_WARN_DEPRECATED_OBJC_IMPLEMENTATIONS = YES;
				CLANG_WARN_DIRECT_OBJC_ISA_USAGE = YES_ERROR;
				CLANG_WARN_DOCUMENTATION_COMMENTS = YES;
				CLANG_WARN_EMPTY_BODY = YES;
				CLANG_WARN_ENUM_CONVERSION = YES;
				CLANG_WARN_INFINITE_RECURSION = YES;
				CLANG_WARN_INT_CONVERSION = YES;
				CLANG_WARN_NON_LITERAL_NULL_CONVERSION = YES;
				CLANG_WARN_OBJC_IMPLICIT_RETAIN_SELF = YES;
				CLANG_WARN_OBJC_LITERAL_CONVERSION = YES;
				CLANG_WARN_OBJC_ROOT_CLASS = YES_ERROR;
				CLANG_WARN_RANGE_LOOP_ANALYSIS = YES;
				CLANG_WARN_STRICT_PROTOTYPES = YES;
				CLANG_WARN_SUSPICIOUS_MOVE = YES;
				CLANG_WARN_UNGUARDED_AVAILABILITY = YES_AGGRESSIVE;
				CLANG_WARN_UNREACHABLE_CODE = YES;
				CLANG_WARN__DUPLICATE_METHOD_MATCH = YES;
				CODE_SIGN_IDENTITY = "iPhone Developer";
				COPY_PHASE_STRIP = NO;
				DEBUG_INFORMATION_FORMAT = dwarf;
				ENABLE_STRICT_OBJC_MSGSEND = YES;
				ENABLE_TESTABILITY = YES;
				GCC_C_LANGUAGE_STANDARD = gnu11;
				GCC_DYNAMIC_NO_PIC = NO;
				GCC_NO_COMMON_BLOCKS = YES;
				GCC_OPTIMIZATION_LEVEL = 0;
				GCC_PREPROCESSOR_DEFINITIONS = (
					"DEBUG=1",
					"$(inherited)",
				);
				GCC_WARN_64_TO_32_BIT_CONVERSION = YES;
				GCC_WARN_ABOUT_RETURN_TYPE = YES_ERROR;
				GCC_WARN_UNDECLARED_SELECTOR = YES;
				GCC_WARN_UNINITIALIZED_AUTOS = YES_AGGRESSIVE;
				GCC_WARN_UNUSED_FUNCTION = YES;
				GCC_WARN_UNUSED_VARIABLE = YES;
				IPHONEOS_DEPLOYMENT_TARGET = 11.4;
				MTL_ENABLE_DEBUG_INFO = YES;
				ONLY_ACTIVE_ARCH = YES;
				SDKROOT = iphoneos;
				SWIFT_ACTIVE_COMPILATION_CONDITIONS = DEBUG;
				SWIFT_OPTIMIZATION_LEVEL = "-Onone";
			};
			name = Debug;
		};
		988E6E8520C04EE400D58215 /* Release */ = {
			isa = XCBuildConfiguration;
			buildSettings = {
				ALWAYS_SEARCH_USER_PATHS = NO;
				CLANG_ANALYZER_NONNULL = YES;
				CLANG_ANALYZER_NUMBER_OBJECT_CONVERSION = YES_AGGRESSIVE;
				CLANG_CXX_LANGUAGE_STANDARD = "gnu++14";
				CLANG_CXX_LIBRARY = "libc++";
				CLANG_ENABLE_MODULES = YES;
				CLANG_ENABLE_OBJC_ARC = YES;
				CLANG_ENABLE_OBJC_WEAK = YES;
				CLANG_WARN_BLOCK_CAPTURE_AUTORELEASING = YES;
				CLANG_WARN_BOOL_CONVERSION = YES;
				CLANG_WARN_COMMA = YES;
				CLANG_WARN_CONSTANT_CONVERSION = YES;
				CLANG_WARN_DEPRECATED_OBJC_IMPLEMENTATIONS = YES;
				CLANG_WARN_DIRECT_OBJC_ISA_USAGE = YES_ERROR;
				CLANG_WARN_DOCUMENTATION_COMMENTS = YES;
				CLANG_WARN_EMPTY_BODY = YES;
				CLANG_WARN_ENUM_CONVERSION = YES;
				CLANG_WARN_INFINITE_RECURSION = YES;
				CLANG_WARN_INT_CONVERSION = YES;
				CLANG_WARN_NON_LITERAL_NULL_CONVERSION = YES;
				CLANG_WARN_OBJC_IMPLICIT_RETAIN_SELF = YES;
				CLANG_WARN_OBJC_LITERAL_CONVERSION = YES;
				CLANG_WARN_OBJC_ROOT_CLASS = YES_ERROR;
				CLANG_WARN_RANGE_LOOP_ANALYSIS = YES;
				CLANG_WARN_STRICT_PROTOTYPES = YES;
				CLANG_WARN_SUSPICIOUS_MOVE = YES;
				CLANG_WARN_UNGUARDED_AVAILABILITY = YES_AGGRESSIVE;
				CLANG_WARN_UNREACHABLE_CODE = YES;
				CLANG_WARN__DUPLICATE_METHOD_MATCH = YES;
				CODE_SIGN_IDENTITY = "iPhone Developer";
				COPY_PHASE_STRIP = NO;
				DEBUG_INFORMATION_FORMAT = "dwarf-with-dsym";
				ENABLE_NS_ASSERTIONS = NO;
				ENABLE_STRICT_OBJC_MSGSEND = YES;
				GCC_C_LANGUAGE_STANDARD = gnu11;
				GCC_NO_COMMON_BLOCKS = YES;
				GCC_WARN_64_TO_32_BIT_CONVERSION = YES;
				GCC_WARN_ABOUT_RETURN_TYPE = YES_ERROR;
				GCC_WARN_UNDECLARED_SELECTOR = YES;
				GCC_WARN_UNINITIALIZED_AUTOS = YES_AGGRESSIVE;
				GCC_WARN_UNUSED_FUNCTION = YES;
				GCC_WARN_UNUSED_VARIABLE = YES;
				IPHONEOS_DEPLOYMENT_TARGET = 11.4;
				MTL_ENABLE_DEBUG_INFO = NO;
				SDKROOT = iphoneos;
				SWIFT_COMPILATION_MODE = wholemodule;
				SWIFT_OPTIMIZATION_LEVEL = "-O";
				VALIDATE_PRODUCT = YES;
			};
			name = Release;
		};
		988E6E8720C04EE400D58215 /* Debug */ = {
			isa = XCBuildConfiguration;
			baseConfigurationReference = 6D0D2D332F5A837E2E73F7DE /* Pods-Test CocoaPods.debug.xcconfig */;
			buildSettings = {
				ASSETCATALOG_COMPILER_APPICON_NAME = AppIcon;
				CODE_SIGN_STYLE = Automatic;
				DEVELOPMENT_TEAM = TPERN8LLGQ;
				INFOPLIST_FILE = "Test CocoaPods/Info.plist";
				LD_RUNPATH_SEARCH_PATHS = (
					"$(inherited)",
					"@executable_path/Frameworks",
				);
				PRODUCT_BUNDLE_IDENTIFIER = "co.uk.opsimath.Family-Circle.Test-CocoaPods";
				PRODUCT_NAME = "$(TARGET_NAME)";
				SWIFT_VERSION = 4.0;
				TARGETED_DEVICE_FAMILY = "1,2";
			};
			name = Debug;
		};
		988E6E8820C04EE400D58215 /* Release */ = {
			isa = XCBuildConfiguration;
			baseConfigurationReference = 653F63700DC28D3DEC1D3DFD /* Pods-Test CocoaPods.release.xcconfig */;
			buildSettings = {
				ASSETCATALOG_COMPILER_APPICON_NAME = AppIcon;
				CODE_SIGN_STYLE = Automatic;
				DEVELOPMENT_TEAM = TPERN8LLGQ;
				INFOPLIST_FILE = "Test CocoaPods/Info.plist";
				LD_RUNPATH_SEARCH_PATHS = (
					"$(inherited)",
					"@executable_path/Frameworks",
				);
				PRODUCT_BUNDLE_IDENTIFIER = "co.uk.opsimath.Family-Circle.Test-CocoaPods";
				PRODUCT_NAME = "$(TARGET_NAME)";
				SWIFT_VERSION = 4.0;
				TARGETED_DEVICE_FAMILY = "1,2";
			};
			name = Release;
		};
		988E6E8A20C04EE400D58215 /* Debug */ = {
			isa = XCBuildConfiguration;
			baseConfigurationReference = 5C7D45A1323ED64286445AFD /* Pods-Test CocoaPodsTests.debug.xcconfig */;
			buildSettings = {
				ALWAYS_EMBED_SWIFT_STANDARD_LIBRARIES = YES;
				BUNDLE_LOADER = "$(TEST_HOST)";
				CODE_SIGN_STYLE = Automatic;
				DEVELOPMENT_TEAM = TPERN8LLGQ;
				INFOPLIST_FILE = "Test CocoaPodsTests/Info.plist";
				LD_RUNPATH_SEARCH_PATHS = (
					"$(inherited)",
					"@executable_path/Frameworks",
					"@loader_path/Frameworks",
				);
				PRODUCT_BUNDLE_IDENTIFIER = "co.uk.opsimath.Family-Circle.Test-CocoaPodsTests";
				PRODUCT_NAME = "$(TARGET_NAME)";
				SWIFT_VERSION = 4.0;
				TARGETED_DEVICE_FAMILY = "1,2";
				TEST_HOST = "$(BUILT_PRODUCTS_DIR)/Test CocoaPods.app/Test CocoaPods";
			};
			name = Debug;
		};
		988E6E8B20C04EE400D58215 /* Release */ = {
			isa = XCBuildConfiguration;
			baseConfigurationReference = D2EA0A3E09B5D73CF352FE7A /* Pods-Test CocoaPodsTests.release.xcconfig */;
			buildSettings = {
				ALWAYS_EMBED_SWIFT_STANDARD_LIBRARIES = YES;
				BUNDLE_LOADER = "$(TEST_HOST)";
				CODE_SIGN_STYLE = Automatic;
				DEVELOPMENT_TEAM = TPERN8LLGQ;
				INFOPLIST_FILE = "Test CocoaPodsTests/Info.plist";
				LD_RUNPATH_SEARCH_PATHS = (
					"$(inherited)",
					"@executable_path/Frameworks",
					"@loader_path/Frameworks",
				);
				PRODUCT_BUNDLE_IDENTIFIER = "co.uk.opsimath.Family-Circle.Test-CocoaPodsTests";
				PRODUCT_NAME = "$(TARGET_NAME)";
				SWIFT_VERSION = 4.0;
				TARGETED_DEVICE_FAMILY = "1,2";
				TEST_HOST = "$(BUILT_PRODUCTS_DIR)/Test CocoaPods.app/Test CocoaPods";
			};
			name = Release;
		};
		988E6E8D20C04EE400D58215 /* Debug */ = {
			isa = XCBuildConfiguration;
			baseConfigurationReference = C71253D694005CA6D609AF68 /* Pods-Test CocoaPodsUITests.debug.xcconfig */;
			buildSettings = {
				ALWAYS_EMBED_SWIFT_STANDARD_LIBRARIES = YES;
				CODE_SIGN_STYLE = Automatic;
				DEVELOPMENT_TEAM = TPERN8LLGQ;
				INFOPLIST_FILE = "Test CocoaPodsUITests/Info.plist";
				LD_RUNPATH_SEARCH_PATHS = (
					"$(inherited)",
					"@executable_path/Frameworks",
					"@loader_path/Frameworks",
				);
				PRODUCT_BUNDLE_IDENTIFIER = "co.uk.opsimath.Family-Circle.Test-CocoaPodsUITests";
				PRODUCT_NAME = "$(TARGET_NAME)";
				SWIFT_VERSION = 4.0;
				TARGETED_DEVICE_FAMILY = "1,2";
				TEST_TARGET_NAME = "Test CocoaPods";
			};
			name = Debug;
		};
		988E6E8E20C04EE400D58215 /* Release */ = {
			isa = XCBuildConfiguration;
			baseConfigurationReference = 5A230FCFBDAB6B87C67C5CDB /* Pods-Test CocoaPodsUITests.release.xcconfig */;
			buildSettings = {
				ALWAYS_EMBED_SWIFT_STANDARD_LIBRARIES = YES;
				CODE_SIGN_STYLE = Automatic;
				DEVELOPMENT_TEAM = TPERN8LLGQ;
				INFOPLIST_FILE = "Test CocoaPodsUITests/Info.plist";
				LD_RUNPATH_SEARCH_PATHS = (
					"$(inherited)",
					"@executable_path/Frameworks",
					"@loader_path/Frameworks",
				);
				PRODUCT_BUNDLE_IDENTIFIER = "co.uk.opsimath.Family-Circle.Test-CocoaPodsUITests";
				PRODUCT_NAME = "$(TARGET_NAME)";
				SWIFT_VERSION = 4.0;
				TARGETED_DEVICE_FAMILY = "1,2";
				TEST_TARGET_NAME = "Test CocoaPods";
			};
			name = Release;
		};
/* End XCBuildConfiguration section */

/* Begin XCConfigurationList section */
		988E6E5920C04EE200D58215 /* Build configuration list for PBXProject "Test CocoaPods" */ = {
			isa = XCConfigurationList;
			buildConfigurations = (
				988E6E8420C04EE400D58215 /* Debug */,
				988E6E8520C04EE400D58215 /* Release */,
			);
			defaultConfigurationIsVisible = 0;
			defaultConfigurationName = Release;
		};
		988E6E8620C04EE400D58215 /* Build configuration list for PBXNativeTarget "Test CocoaPods" */ = {
			isa = XCConfigurationList;
			buildConfigurations = (
				988E6E8720C04EE400D58215 /* Debug */,
				988E6E8820C04EE400D58215 /* Release */,
			);
			defaultConfigurationIsVisible = 0;
			defaultConfigurationName = Release;
		};
		988E6E8920C04EE400D58215 /* Build configuration list for PBXNativeTarget "Test CocoaPodsTests" */ = {
			isa = XCConfigurationList;
			buildConfigurations = (
				988E6E8A20C04EE400D58215 /* Debug */,
				988E6E8B20C04EE400D58215 /* Release */,
			);
			defaultConfigurationIsVisible = 0;
			defaultConfigurationName = Release;
		};
		988E6E8C20C04EE400D58215 /* Build configuration list for PBXNativeTarget "Test CocoaPodsUITests" */ = {
			isa = XCConfigurationList;
			buildConfigurations = (
				988E6E8D20C04EE400D58215 /* Debug */,
				988E6E8E20C04EE400D58215 /* Release */,
			);
			defaultConfigurationIsVisible = 0;
			defaultConfigurationName = Release;
		};
/* End XCConfigurationList section */
	};
	rootObject = 988E6E5620C04EE200D58215 /* Project object */;
}
